
Microsoft Visual Studio Solution File, Format Version 12.00
# Visual Studio Version 17
VisualStudioVersion = 17.11.35327.3
MinimumVisualStudioVersion = 10.0.40219.1
Project("{2150E333-8FDC-42A3-9474-1A3956D46DE8}") = "src", "src", "{7A75C33E-7B7F-4149-8412-268323C58312}"
EndProject
Project("{2150E333-8FDC-42A3-9474-1A3956D46DE8}") = "Services", "Services", "{076C54D3-1F93-46EF-B6A4-70FE14BC4D9C}"
EndProject
Project("{2150E333-8FDC-42A3-9474-1A3956D46DE8}") = "Identity", "Identity", "{0991FCD5-4BA4-414F-B51C-427033A3116D}"
EndProject
Project("{2150E333-8FDC-42A3-9474-1A3956D46DE8}") = "Catalog", "Catalog", "{8263F5C8-1B52-4740-AD3E-64C07C421485}"
EndProject
Project("{2150E333-8FDC-42A3-9474-1A3956D46DE8}") = "Order", "Order", "{F12A9D28-DECF-452D-8B60-4658C7103C99}"
EndProject
Project("{2150E333-8FDC-42A3-9474-1A3956D46DE8}") = "Basket", "Basket", "{9E97EF73-6D6E-4C73-8F8F-6B03F90A26A0}"
EndProject
Project("{2150E333-8FDC-42A3-9474-1A3956D46DE8}") = "Payment", "Payment", "{5C0AB48C-C143-48C4-B161-4BE7A6D56DFD}"
EndProject
Project("{2150E333-8FDC-42A3-9474-1A3956D46DE8}") = "Notification", "Notification", "{D3280A4A-0858-4581-B193-40B3557B89C0}"
EndProject
Project("{2150E333-8FDC-42A3-9474-1A3956D46DE8}") = "Recommendation", "Recommendation", "{51FEAC09-5DD8-4EDE-A82D-3D24C4DD8B30}"
EndProject
Project("{2150E333-8FDC-42A3-9474-1A3956D46DE8}") = "Media", "Media", "{B6500FEC-4DF0-4990-9E74-150E0BDEFFCB}"
EndProject
Project("{2150E333-8FDC-42A3-9474-1A3956D46DE8}") = "Review", "Review", "{B634F0D8-26F3-4D4C-AD6B-4A839DFE3A2A}"
EndProject
Project("{2150E333-8FDC-42A3-9474-1A3956D46DE8}") = "Search", "Search", "{066120D3-08CD-4AD8-A43C-49FEC8D16123}"
EndProject
Project("{2150E333-8FDC-42A3-9474-1A3956D46DE8}") = "Inventory", "Inventory", "{6C14B7AB-F79A-4670-BD8D-868B64F870FB}"
EndProject
Project("{2150E333-8FDC-42A3-9474-1A3956D46DE8}") = "Analytics", "Analytics", "{49E6410F-8857-49DF-A3B4-BD102BA80DC7}"
EndProject
Project("{2150E333-8FDC-42A3-9474-1A3956D46DE8}") = "Campaign", "Campaign", "{347D8BC7-5901-48E3-B4AA-989A2DB8E9F4}"
EndProject
Project("{2150E333-8FDC-42A3-9474-1A3956D46DE8}") = "SEO", "SEO", "{E8FE6F9F-FF98-4266-9ED6-A4DAD0084505}"
EndProject
Project("{2150E333-8FDC-42A3-9474-1A3956D46DE8}") = "Export", "Export", "{CA89203F-9E28-452A-894E-7E20D1BEF28B}"
EndProject
Project("{2150E333-8FDC-42A3-9474-1A3956D46DE8}") = "BuildingBlocks", "BuildingBlocks", "{51E18D83-7A00-4579-928D-259474BF2B8B}"
EndProject
Project("{2150E333-8FDC-42A3-9474-1A3956D46DE8}") = "EventBus", "EventBus", "{C03E295E-44C8-4357-879A-96DB24314B56}"
EndProject
Project("{2150E333-8FDC-42A3-9474-1A3956D46DE8}") = "Common", "Common", "{C05FF189-E572-4A59-AD25-3C42EC5EAF48}"
EndProject
Project("{2150E333-8FDC-42A3-9474-1A3956D46DE8}") = "Caching", "Caching", "{33D13ED9-96E8-4C32-B52D-D0DBB81DC490}"
EndProject
Project("{2150E333-8FDC-42A3-9474-1A3956D46DE8}") = "Logging", "Logging", "{46323748-0C3F-4D0D-9B39-FBBACC55C8BA}"
EndProject
Project("{2150E333-8FDC-42A3-9474-1A3956D46DE8}") = "Security", "Security", "{3E9C6B0A-23D7-4D56-8B1A-6C05636D4B31}"
EndProject
Project("{2150E333-8FDC-42A3-9474-1A3956D46DE8}") = "Testing", "Testing", "{29D11350-A4DC-4456-8319-885790F1E5D1}"
EndProject
Project("{2150E333-8FDC-42A3-9474-1A3956D46DE8}") = "ApiGateway", "ApiGateway", "{6B3836D7-E542-4319-AFA8-FC70FCF10AF5}"
EndProject
Project("{2150E333-8FDC-42A3-9474-1A3956D46DE8}") = "Web", "Web", "{8DA33D39-74A7-45C3-BF65-6E7858EAE340}"
EndProject
Project("{2150E333-8FDC-42A3-9474-1A3956D46DE8}") = "BlazorServer", "BlazorServer", "{34544B46-5A12-421F-98E2-2E4C93B982DD}"
EndProject
Project("{2150E333-8FDC-42A3-9474-1A3956D46DE8}") = "BlazorWasm", "BlazorWasm", "{60BBF211-4F11-43F8-92BA-99D01E5AAAFD}"
EndProject
Project("{FAE04EC0-301F-11D3-BF4B-00C04F79EFBC}") = "IdentityServices", "src\Identity\IdentityServices\IdentityServices.csproj", "{5DEB6741-017E-49D5-A971-5CCC9E9CCE33}"
EndProject
Project("{FAE04EC0-301F-11D3-BF4B-00C04F79EFBC}") = "CatologServices", "src\Catolog\CatologServices\CatologServices.csproj", "{FB057C94-9E41-4BC7-B5F7-F5FF690D53B7}"
EndProject
Project("{FAE04EC0-301F-11D3-BF4B-00C04F79EFBC}") = "OrderServices", "src\Oder\OrderServices\OrderServices.csproj", "{33E89F41-4DFD-438B-A91C-193FD0E00233}"
EndProject
Project("{FAE04EC0-301F-11D3-BF4B-00C04F79EFBC}") = "BasketServices", "src\Basket\BasketServices\BasketServices.csproj", "{DD9016D0-EA3F-4229-A04A-84D5C46E4F5E}"
EndProject
Global
	GlobalSection(SolutionConfigurationPlatforms) = preSolution
		Debug|Any CPU = Debug|Any CPU
		Release|Any CPU = Release|Any CPU
	EndGlobalSection
	GlobalSection(ProjectConfigurationPlatforms) = postSolution
		{5DEB6741-017E-49D5-A971-5CCC9E9CCE33}.Debug|Any CPU.ActiveCfg = Debug|Any CPU
		{5DEB6741-017E-49D5-A971-5CCC9E9CCE33}.Debug|Any CPU.Build.0 = Debug|Any CPU
		{5DEB6741-017E-49D5-A971-5CCC9E9CCE33}.Release|Any CPU.ActiveCfg = Release|Any CPU
		{5DEB6741-017E-49D5-A971-5CCC9E9CCE33}.Release|Any CPU.Build.0 = Release|Any CPU
		{FB057C94-9E41-4BC7-B5F7-F5FF690D53B7}.Debug|Any CPU.ActiveCfg = Debug|Any CPU
		{FB057C94-9E41-4BC7-B5F7-F5FF690D53B7}.Debug|Any CPU.Build.0 = Debug|Any CPU
		{FB057C94-9E41-4BC7-B5F7-F5FF690D53B7}.Release|Any CPU.ActiveCfg = Release|Any CPU
		{FB057C94-9E41-4BC7-B5F7-F5FF690D53B7}.Release|Any CPU.Build.0 = Release|Any CPU
		{33E89F41-4DFD-438B-A91C-193FD0E00233}.Debug|Any CPU.ActiveCfg = Debug|Any CPU
		{33E89F41-4DFD-438B-A91C-193FD0E00233}.Debug|Any CPU.Build.0 = Debug|Any CPU
		{33E89F41-4DFD-438B-A91C-193FD0E00233}.Release|Any CPU.ActiveCfg = Release|Any CPU
		{33E89F41-4DFD-438B-A91C-193FD0E00233}.Release|Any CPU.Build.0 = Release|Any CPU
		{DD9016D0-EA3F-4229-A04A-84D5C46E4F5E}.Debug|Any CPU.ActiveCfg = Debug|Any CPU
		{DD9016D0-EA3F-4229-A04A-84D5C46E4F5E}.Debug|Any CPU.Build.0 = Debug|Any CPU
		{DD9016D0-EA3F-4229-A04A-84D5C46E4F5E}.Release|Any CPU.ActiveCfg = Release|Any CPU
		{DD9016D0-EA3F-4229-A04A-84D5C46E4F5E}.Release|Any CPU.Build.0 = Release|Any CPU
	EndGlobalSection
	GlobalSection(SolutionProperties) = preSolution
		HideSolutionNode = FALSE
	EndGlobalSection
	GlobalSection(NestedProjects) = preSolution
		{076C54D3-1F93-46EF-B6A4-70FE14BC4D9C} = {7A75C33E-7B7F-4149-8412-268323C58312}
		{0991FCD5-4BA4-414F-B51C-427033A3116D} = {076C54D3-1F93-46EF-B6A4-70FE14BC4D9C}
		{8263F5C8-1B52-4740-AD3E-64C07C421485} = {076C54D3-1F93-46EF-B6A4-70FE14BC4D9C}
		{F12A9D28-DECF-452D-8B60-4658C7103C99} = {076C54D3-1F93-46EF-B6A4-70FE14BC4D9C}
		{9E97EF73-6D6E-4C73-8F8F-6B03F90A26A0} = {076C54D3-1F93-46EF-B6A4-70FE14BC4D9C}
		{5C0AB48C-C143-48C4-B161-4BE7A6D56DFD} = {076C54D3-1F93-46EF-B6A4-70FE14BC4D9C}
		{D3280A4A-0858-4581-B193-40B3557B89C0} = {076C54D3-1F93-46EF-B6A4-70FE14BC4D9C}
		{51FEAC09-5DD8-4EDE-A82D-3D24C4DD8B30} = {076C54D3-1F93-46EF-B6A4-70FE14BC4D9C}
		{B6500FEC-4DF0-4990-9E74-150E0BDEFFCB} = {076C54D3-1F93-46EF-B6A4-70FE14BC4D9C}
		{B634F0D8-26F3-4D4C-AD6B-4A839DFE3A2A} = {076C54D3-1F93-46EF-B6A4-70FE14BC4D9C}
		{066120D3-08CD-4AD8-A43C-49FEC8D16123} = {076C54D3-1F93-46EF-B6A4-70FE14BC4D9C}
		{6C14B7AB-F79A-4670-BD8D-868B64F870FB} = {076C54D3-1F93-46EF-B6A4-70FE14BC4D9C}
		{49E6410F-8857-49DF-A3B4-BD102BA80DC7} = {076C54D3-1F93-46EF-B6A4-70FE14BC4D9C}
		{347D8BC7-5901-48E3-B4AA-989A2DB8E9F4} = {076C54D3-1F93-46EF-B6A4-70FE14BC4D9C}
		{E8FE6F9F-FF98-4266-9ED6-A4DAD0084505} = {076C54D3-1F93-46EF-B6A4-70FE14BC4D9C}
		{CA89203F-9E28-452A-894E-7E20D1BEF28B} = {076C54D3-1F93-46EF-B6A4-70FE14BC4D9C}
		{51E18D83-7A00-4579-928D-259474BF2B8B} = {7A75C33E-7B7F-4149-8412-268323C58312}
		{C03E295E-44C8-4357-879A-96DB24314B56} = {51E18D83-7A00-4579-928D-259474BF2B8B}
		{C05FF189-E572-4A59-AD25-3C42EC5EAF48} = {51E18D83-7A00-4579-928D-259474BF2B8B}
		{33D13ED9-96E8-4C32-B52D-D0DBB81DC490} = {51E18D83-7A00-4579-928D-259474BF2B8B}
		{46323748-0C3F-4D0D-9B39-FBBACC55C8BA} = {51E18D83-7A00-4579-928D-259474BF2B8B}
		{3E9C6B0A-23D7-4D56-8B1A-6C05636D4B31} = {51E18D83-7A00-4579-928D-259474BF2B8B}
		{29D11350-A4DC-4456-8319-885790F1E5D1} = {51E18D83-7A00-4579-928D-259474BF2B8B}
		{6B3836D7-E542-4319-AFA8-FC70FCF10AF5} = {7A75C33E-7B7F-4149-8412-268323C58312}
		{8DA33D39-74A7-45C3-BF65-6E7858EAE340} = {7A75C33E-7B7F-4149-8412-268323C58312}
		{34544B46-5A12-421F-98E2-2E4C93B982DD} = {8DA33D39-74A7-45C3-BF65-6E7858EAE340}
		{60BBF211-4F11-43F8-92BA-99D01E5AAAFD} = {8DA33D39-74A7-45C3-BF65-6E7858EAE340}
		{5DEB6741-017E-49D5-A971-5CCC9E9CCE33} = {0991FCD5-4BA4-414F-B51C-427033A3116D}
		{FB057C94-9E41-4BC7-B5F7-F5FF690D53B7} = {8263F5C8-1B52-4740-AD3E-64C07C421485}
		{33E89F41-4DFD-438B-A91C-193FD0E00233} = {F12A9D28-DECF-452D-8B60-4658C7103C99}
		{DD9016D0-EA3F-4229-A04A-84D5C46E4F5E} = {9E97EF73-6D6E-4C73-8F8F-6B03F90A26A0}
	EndGlobalSection
	GlobalSection(ExtensibilityGlobals) = postSolution
		SolutionGuid = {531EDAEC-4CD8-48E2-ABEE-92305A84655C}
	EndGlobalSection
EndGlobal
